
Microsoft Visual Studio Solution File, Format Version 12.00
# Visual Studio Version 17
VisualStudioVersion = 17.9.34728.123
MinimumVisualStudioVersion = 10.0.40219.1
Project("{FAE04EC0-301F-11D3-BF4B-00C04F79EFBC}") = "TokenProvider", "TokenProvider\TokenProvider.csproj", "{97E59207-F24A-48C8-8200-18ECCDFC7F82}"
EndProject
Project("{FAE04EC0-301F-11D3-BF4B-00C04F79EFBC}") = "TokenProvider.Infrastructure", "TokenProvider.Infrastructure\TokenProvider.Infrastructure.csproj", "{0D09C374-5BA9-4380-A9AF-090B06A9210F}"
EndProject
Global
	GlobalSection(SolutionConfigurationPlatforms) = preSolution
		Debug|Any CPU = Debug|Any CPU
		Release|Any CPU = Release|Any CPU
	EndGlobalSection
	GlobalSection(ProjectConfigurationPlatforms) = postSolution
		{97E59207-F24A-48C8-8200-18ECCDFC7F82}.Debug|Any CPU.ActiveCfg = Debug|Any CPU
		{97E59207-F24A-48C8-8200-18ECCDFC7F82}.Debug|Any CPU.Build.0 = Debug|Any CPU
		{97E59207-F24A-48C8-8200-18ECCDFC7F82}.Release|Any CPU.ActiveCfg = Release|Any CPU
		{97E59207-F24A-48C8-8200-18ECCDFC7F82}.Release|Any CPU.Build.0 = Release|Any CPU
		{0D09C374-5BA9-4380-A9AF-090B06A9210F}.Debug|Any CPU.ActiveCfg = Debug|Any CPU
		{0D09C374-5BA9-4380-A9AF-090B06A9210F}.Debug|Any CPU.Build.0 = Debug|Any CPU
		{0D09C374-5BA9-4380-A9AF-090B06A9210F}.Release|Any CPU.ActiveCfg = Release|Any CPU
		{0D09C374-5BA9-4380-A9AF-090B06A9210F}.Release|Any CPU.Build.0 = Release|Any CPU
	EndGlobalSection
	GlobalSection(SolutionProperties) = preSolution
		HideSolutionNode = FALSE
	EndGlobalSection
	GlobalSection(ExtensibilityGlobals) = postSolution
		SolutionGuid = {01ADAE62-F69F-4143-A662-8AD25B1D5878}
	EndGlobalSection
EndGlobal
